// !$*UTF8*$!
{
	archiveVersion = 1;
	classes = {
	};
	objectVersion = 77;
	objects = {

/* Begin PBXContainerItemProxy section */
		5311BCBD2F0E9B9000ADE156 /* PBXContainerItemProxy */ = {
			isa = PBXContainerItemProxy;
			containerPortal = 5311BCA52F0E9B8E00ADE156 /* Project object */;
			proxyType = 1;
			remoteGlobalIDString = 5311BCAC2F0E9B8E00ADE156;
			remoteInfo = RemixRecipeXcode;
		};
		5311BCC72F0E9B9000ADE156 /* PBXContainerItemProxy */ = {
			isa = PBXContainerItemProxy;
			containerPortal = 5311BCA52F0E9B8E00ADE156 /* Project object */;
			proxyType = 1;
			remoteGlobalIDString = 5311BCAC2F0E9B8E00ADE156;
			remoteInfo = RemixRecipeXcode;
		};
/* End PBXContainerItemProxy section */

/* Begin PBXFileReference section */
		5311BCAD2F0E9B8E00ADE156 /* RemixRecipeXcode.app */ = {isa = PBXFileReference; explicitFileType = wrapper.application; includeInIndex = 0; path = RemixRecipeXcode.app; sourceTree = BUILT_PRODUCTS_DIR; };
		5311BCBC2F0E9B9000ADE156 /* RemixRecipeXcodeTests.xctest */ = {isa = PBXFileReference; explicitFileType = wrapper.cfbundle; includeInIndex = 0; path = RemixRecipeXcodeTests.xctest; sourceTree = BUILT_PRODUCTS_DIR; };
		5311BCC62F0E9B9000ADE156 /* RemixRecipeXcodeUITests.xctest */ = {isa = PBXFileReference; explicitFileType = wrapper.cfbundle; includeInIndex = 0; path = RemixRecipeXcodeUITests.xctest; sourceTree = BUILT_PRODUCTS_DIR; };
/* End PBXFileReference section */

/* Begin PBXFileSystemSynchronizedRootGroup section */
		5311BCAF2F0E9B8E00ADE156 /* RemixRecipeXcode */ = {
			isa = PBXFileSystemSynchronizedRootGroup;
			path = RemixRecipeXcode;
			sourceTree = "<group>";
		};
		5311BCBF2F0E9B9000ADE156 /* RemixRecipeXcodeTests */ = {
			isa = PBXFileSystemSynchronizedRootGroup;
			path = RemixRecipeXcodeTests;
			sourceTree = "<group>";
		};
		5311BCC92F0E9B9000ADE156 /* RemixRecipeXcodeUITests */ = {
			isa = PBXFileSystemSynchronizedRootGroup;
			path = RemixRecipeXcodeUITests;
			sourceTree = "<group>";
		};
/* End PBXFileSystemSynchronizedRootGroup section */

/* Begin PBXFrameworksBuildPhase section */
		5311BCAA2F0E9B8E00ADE156 /* Frameworks */ = {
			isa = PBXFrameworksBuildPhase;
			buildActionMask = 2147483647;
			files = (
			);
			runOnlyForDeploymentPostprocessing = 0;
		};
		5311BCB92F0E9B9000ADE156 /* Frameworks */ = {
			isa = PBXFrameworksBuildPhase;
			buildActionMask = 2147483647;
			files = (
			);
			runOnlyForDeploymentPostprocessing = 0;
		};
		5311BCC32F0E9B9000ADE156 /* Frameworks */ = {
			isa = PBXFrameworksBuildPhase;
			buildActionMask = 2147483647;
			files = (
			);
			runOnlyForDeploymentPostprocessing = 0;
		};
/* End PBXFrameworksBuildPhase section */

/* Begin PBXGroup section */
		5311BCA42F0E9B8E00ADE156 = {
			isa = PBXGroup;
			children = (
				5311BCAF2F0E9B8E00ADE156 /* RemixRecipeXcode */,
				5311BCBF2F0E9B9000ADE156 /* RemixRecipeXcodeTests */,
				5311BCC92F0E9B9000ADE156 /* RemixRecipeXcodeUITests */,
				5311BCAE2F0E9B8E00ADE156 /* Products */,
			);
			sourceTree = "<group>";
		};
		5311BCAE2F0E9B8E00ADE156 /* Products */ = {
			isa = PBXGroup;
			children = (
				5311BCAD2F0E9B8E00ADE156 /* RemixRecipeXcode.app */,
				5311BCBC2F0E9B9000ADE156 /* RemixRecipeXcodeTests.xctest */,
				5311BCC62F0E9B9000ADE156 /* RemixRecipeXcodeUITests.xctest */,
			);
			name = Products;
			sourceTree = "<group>";
		};
/* End PBXGroup section */

/* Begin PBXNativeTarget section */
		5311BCAC2F0E9B8E00ADE156 /* RemixRecipeXcode */ = {
			isa = PBXNativeTarget;
			buildConfigurationList = 5311BCD02F0E9B9000ADE156 /* Build configuration list for PBXNativeTarget "RemixRecipeXcode" */;
			buildPhases = (
				5311BCA92F0E9B8E00ADE156 /* Sources */,
				5311BCAA2F0E9B8E00ADE156 /* Frameworks */,
				5311BCAB2F0E9B8E00ADE156 /* Resources */,
			);
			buildRules = (
			);
			dependencies = (
			);
			fileSystemSynchronizedGroups = (
				5311BCAF2F0E9B8E00ADE156 /* RemixRecipeXcode */,
			);
			name = RemixRecipeXcode;
			packageProductDependencies = (
			);
			productName = RemixRecipeXcode;
			productReference = 5311BCAD2F0E9B8E00ADE156 /* RemixRecipeXcode.app */;
			productType = "com.apple.product-type.application";
		};
		5311BCBB2F0E9B9000ADE156 /* RemixRecipeXcodeTests */ = {
			isa = PBXNativeTarget;
			buildConfigurationList = 5311BCD32F0E9B9000ADE156 /* Build configuration list for PBXNativeTarget "RemixRecipeXcodeTests" */;
			buildPhases = (
				5311BCB82F0E9B9000ADE156 /* Sources */,
				5311BCB92F0E9B9000ADE156 /* Frameworks */,
				5311BCBA2F0E9B9000ADE156 /* Resources */,
			);
			buildRules = (
			);
			dependencies = (
				5311BCBE2F0E9B9000ADE156 /* PBXTargetDependency */,
			);
			fileSystemSynchronizedGroups = (
				5311BCBF2F0E9B9000ADE156 /* RemixRecipeXcodeTests */,
			);
			name = RemixRecipeXcodeTests;
			packageProductDependencies = (
			);
			productName = RemixRecipeXcodeTests;
			productReference = 5311BCBC2F0E9B9000ADE156 /* RemixRecipeXcodeTests.xctest */;
			productType = "com.apple.product-type.bundle.unit-test";
		};
		5311BCC52F0E9B9000ADE156 /* RemixRecipeXcodeUITests */ = {
			isa = PBXNativeTarget;
			buildConfigurationList = 5311BCD62F0E9B9000ADE156 /* Build configuration list for PBXNativeTarget "RemixRecipeXcodeUITests" */;
			buildPhases = (
				5311BCC22F0E9B9000ADE156 /* Sources */,
				5311BCC32F0E9B9000ADE156 /* Frameworks */,
				5311BCC42F0E9B9000ADE156 /* Resources */,
			);
			buildRules = (
			);
			dependencies = (
				5311BCC82F0E9B9000ADE156 /* PBXTargetDependency */,
			);
			fileSystemSynchronizedGroups = (
				5311BCC92F0E9B9000ADE156 /* RemixRecipeXcodeUITests */,
			);
			name = RemixRecipeXcodeUITests;
			packageProductDependencies = (
			);
			productName = RemixRecipeXcodeUITests;
			productReference = 5311BCC62F0E9B9000ADE156 /* RemixRecipeXcodeUITests.xctest */;
			productType = "com.apple.product-type.bundle.ui-testing";
		};
/* End PBXNativeTarget section */

/* Begin PBXProject section */
		5311BCA52F0E9B8E00ADE156 /* Project object */ = {
			isa = PBXProject;
			attributes = {
				BuildIndependentTargetsInParallel = 1;
				LastSwiftUpdateCheck = 2610;
				LastUpgradeCheck = 2610;
				TargetAttributes = {
					5311BCAC2F0E9B8E00ADE156 = {
						CreatedOnToolsVersion = 26.1.1;
					};
					5311BCBB2F0E9B9000ADE156 = {
						CreatedOnToolsVersion = 26.1.1;
						TestTargetID = 5311BCAC2F0E9B8E00ADE156;
					};
					5311BCC52F0E9B9000ADE156 = {
						CreatedOnToolsVersion = 26.1.1;
						TestTargetID = 5311BCAC2F0E9B8E00ADE156;
					};
				};
			};
			buildConfigurationList = 5311BCA82F0E9B8E00ADE156 /* Build configuration list for PBXProject "RemixRecipeXcode" */;
			developmentRegion = en;
			hasScannedForEncodings = 0;
			knownRegions = (
				en,
				Base,
			);
			mainGroup = 5311BCA42F0E9B8E00ADE156;
			minimizedProjectReferenceProxies = 1;
			preferredProjectObjectVersion = 77;
			productRefGroup = 5311BCAE2F0E9B8E00ADE156 /* Products */;
			projectDirPath = "";
			projectRoot = "";
			targets = (
				5311BCAC2F0E9B8E00ADE156 /* RemixRecipeXcode */,
				5311BCBB2F0E9B9000ADE156 /* RemixRecipeXcodeTests */,
				5311BCC52F0E9B9000ADE156 /* RemixRecipeXcodeUITests */,
			);
		};
/* End PBXProject section */

/* Begin PBXResourcesBuildPhase section */
		5311BCAB2F0E9B8E00ADE156 /* Resources */ = {
			isa = PBXResourcesBuildPhase;
			buildActionMask = 2147483647;
			files = (
			);
			runOnlyForDeploymentPostprocessing = 0;
		};
		5311BCBA2F0E9B9000ADE156 /* Resources */ = {
			isa = PBXResourcesBuildPhase;
			buildActionMask = 2147483647;
			files = (
			);
			runOnlyForDeploymentPostprocessing = 0;
		};
		5311BCC42F0E9B9000ADE156 /* Resources */ = {
			isa = PBXResourcesBuildPhase;
			buildActionMask = 2147483647;
			files = (
			);
			runOnlyForDeploymentPostprocessing = 0;
		};
/* End PBXResourcesBuildPhase section */

/* Begin PBXSourcesBuildPhase section */
		5311BCA92F0E9B8E00ADE156 /* Sources */ = {
			isa = PBXSourcesBuildPhase;
			buildActionMask = 2147483647;
			files = (
			);
			runOnlyForDeploymentPostprocessing = 0;
		};
		5311BCB82F0E9B9000ADE156 /* Sources */ = {
			isa = PBXSourcesBuildPhase;
			buildActionMask = 2147483647;
			files = (
			);
			runOnlyForDeploymentPostprocessing = 0;
		};
		5311BCC22F0E9B9000ADE156 /* Sources */ = {
			isa = PBXSourcesBuildPhase;
			buildActionMask = 2147483647;
			files = (
			);
			runOnlyForDeploymentPostprocessing = 0;
		};
/* End PBXSourcesBuildPhase section */

/* Begin PBXTargetDependency section */
		5311BCBE2F0E9B9000ADE156 /* PBXTargetDependency */ = {
			isa = PBXTargetDependency;
			target = 5311BCAC2F0E9B8E00ADE156 /* RemixRecipeXcode */;
			targetProxy = 5311BCBD2F0E9B9000ADE156 /* PBXContainerItemProxy */;
		};
		5311BCC82F0E9B9000ADE156 /* PBXTargetDependency */ = {
			isa = PBXTargetDependency;
			target = 5311BCAC2F0E9B8E00ADE156 /* RemixRecipeXcode */;
			targetProxy = 5311BCC72F0E9B9000ADE156 /* PBXContainerItemProxy */;
		};
/* End PBXTargetDependency section */

/* Begin XCBuildConfiguration section */
		5311BCCE2F0E9B9000ADE156 /* Debug */ = {
			isa = XCBuildConfiguration;
			buildSettings = {
				ALWAYS_SEARCH_USER_PATHS = NO;
				ASSETCATALOG_COMPILER_GENERATE_SWIFT_ASSET_SYMBOL_EXTENSIONS = YES;
				CLANG_ANALYZER_NONNULL = YES;
				CLANG_ANALYZER_NUMBER_OBJECT_CONVERSION = YES_AGGRESSIVE;
				CLANG_CXX_LANGUAGE_STANDARD = "gnu++20";
				CLANG_ENABLE_MODULES = YES;
				CLANG_ENABLE_OBJC_ARC = YES;
				CLANG_ENABLE_OBJC_WEAK = YES;
				CLANG_WARN_BLOCK_CAPTURE_AUTORELEASING = YES;
				CLANG_WARN_BOOL_CONVERSION = YES;
				CLANG_WARN_COMMA = YES;
				CLANG_WARN_CONSTANT_CONVERSION = YES;
				CLANG_WARN_DEPRECATED_OBJC_IMPLEMENTATIONS = YES;
				CLANG_WARN_DIRECT_OBJC_ISA_USAGE = YES_ERROR;
				CLANG_WARN_DOCUMENTATION_COMMENTS = YES;
				CLANG_WARN_EMPTY_BODY = YES;
				CLANG_WARN_ENUM_CONVERSION = YES;
				CLANG_WARN_INFINITE_RECURSION = YES;
				CLANG_WARN_INT_CONVERSION = YES;
				CLANG_WARN_NON_LITERAL_NULL_CONVERSION = YES;
				CLANG_WARN_OBJC_IMPLICIT_RETAIN_SELF = YES;
				CLANG_WARN_OBJC_LITERAL_CONVERSION = YES;
				CLANG_WARN_OBJC_ROOT_CLASS = YES_ERROR;
				CLANG_WARN_QUOTED_INCLUDE_IN_FRAMEWORK_HEADER = YES;
				CLANG_WARN_RANGE_LOOP_ANALYSIS = YES;
				CLANG_WARN_STRICT_PROTOTYPES = YES;
				CLANG_WARN_SUSPICIOUS_MOVE = YES;
				CLANG_WARN_UNGUARDED_AVAILABILITY = YES_AGGRESSIVE;
				CLANG_WARN_UNREACHABLE_CODE = YES;
				CLANG_WARN__DUPLICATE_METHOD_MATCH = YES;
				COPY_PHASE_STRIP = NO;
				DEBUG_INFORMATION_FORMAT = dwarf;
				DEVELOPMENT_TEAM = 65RN72WD57;
				ENABLE_STRICT_OBJC_MSGSEND = YES;
				ENABLE_TESTABILITY = YES;
				ENABLE_USER_SCRIPT_SANDBOXING = YES;
				GCC_C_LANGUAGE_STANDARD = gnu17;
				GCC_DYNAMIC_NO_PIC = NO;
				GCC_NO_COMMON_BLOCKS = YES;
				GCC_OPTIMIZATION_LEVEL = 0;
				GCC_PREPROCESSOR_DEFINITIONS = (
					"DEBUG=1",
					"$(inherited)",
				);
				GCC_WARN_64_TO_32_BIT_CONVERSION = YES;
				GCC_WARN_ABOUT_RETURN_TYPE = YES_ERROR;
				GCC_WARN_UNDECLARED_SELECTOR = YES;
				GCC_WARN_UNINITIALIZED_AUTOS = YES_AGGRESSIVE;
				GCC_WARN_UNUSED_FUNCTION = YES;
				GCC_WARN_UNUSED_VARIABLE = YES;
				IPHONEOS_DEPLOYMENT_TARGET = 26.1;
				LOCALIZATION_PREFERS_STRING_CATALOGS = YES;
				MTL_ENABLE_DEBUG_INFO = INCLUDE_SOURCE;
				MTL_FAST_MATH = YES;
				ONLY_ACTIVE_ARCH = YES;
				SDKROOT = iphoneos;
				SWIFT_ACTIVE_COMPILATION_CONDITIONS = "DEBUG $(inherited)";
				SWIFT_OPTIMIZATION_LEVEL = "-Onone";
			};
			name = Debug;
		};
		5311BCCF2F0E9B9000ADE156 /* Release */ = {
			isa = XCBuildConfiguration;
			buildSettings = {
				ALWAYS_SEARCH_USER_PATHS = NO;
				ASSETCATALOG_COMPILER_GENERATE_SWIFT_ASSET_SYMBOL_EXTENSIONS = YES;
				CLANG_ANALYZER_NONNULL = YES;
				CLANG_ANALYZER_NUMBER_OBJECT_CONVERSION = YES_AGGRESSIVE;
				CLANG_CXX_LANGUAGE_STANDARD = "gnu++20";
				CLANG_ENABLE_MODULES = YES;
				CLANG_ENABLE_OBJC_ARC = YES;
				CLANG_ENABLE_OBJC_WEAK = YES;
				CLANG_WARN_BLOCK_CAPTURE_AUTORELEASING = YES;
				CLANG_WARN_BOOL_CONVERSION = YES;
				CLANG_WARN_COMMA = YES;
				CLANG_WARN_CONSTANT_CONVERSION = YES;
				CLANG_WARN_DEPRECATED_OBJC_IMPLEMENTATIONS = YES;
				CLANG_WARN_DIRECT_OBJC_ISA_USAGE = YES_ERROR;
				CLANG_WARN_DOCUMENTATION_COMMENTS = YES;
				CLANG_WARN_EMPTY_BODY = YES;
				CLANG_WARN_ENUM_CONVERSION = YES;
				CLANG_WARN_INFINITE_RECURSION = YES;
				CLANG_WARN_INT_CONVERSION = YES;
				CLANG_WARN_NON_LITERAL_NULL_CONVERSION = YES;
				CLANG_WARN_OBJC_IMPLICIT_RETAIN_SELF = YES;
				CLANG_WARN_OBJC_LITERAL_CONVERSION = YES;
				CLANG_WARN_OBJC_ROOT_CLASS = YES_ERROR;
				CLANG_WARN_QUOTED_INCLUDE_IN_FRAMEWORK_HEADER = YES;
				CLANG_WARN_RANGE_LOOP_ANALYSIS = YES;
				CLANG_WARN_STRICT_PROTOTYPES = YES;
				CLANG_WARN_SUSPICIOUS_MOVE = YES;
				CLANG_WARN_UNGUARDED_AVAILABILITY = YES_AGGRESSIVE;
				CLANG_WARN_UNREACHABLE_CODE = YES;
				CLANG_WARN__DUPLICATE_METHOD_MATCH = YES;
				COPY_PHASE_STRIP = NO;
				DEBUG_INFORMATION_FORMAT = "dwarf-with-dsym";
				DEVELOPMENT_TEAM = 65RN72WD57;
				ENABLE_NS_ASSERTIONS = NO;
				ENABLE_STRICT_OBJC_MSGSEND = YES;
				ENABLE_USER_SCRIPT_SANDBOXING = YES;
				GCC_C_LANGUAGE_STANDARD = gnu17;
				GCC_NO_COMMON_BLOCKS = YES;
				GCC_WARN_64_TO_32_BIT_CONVERSION = YES;
				GCC_WARN_ABOUT_RETURN_TYPE = YES_ERROR;
				GCC_WARN_UNDECLARED_SELECTOR = YES;
				GCC_WARN_UNINITIALIZED_AUTOS = YES_AGGRESSIVE;
				GCC_WARN_UNUSED_FUNCTION = YES;
				GCC_WARN_UNUSED_VARIABLE = YES;
				IPHONEOS_DEPLOYMENT_TARGET = 26.1;
				LOCALIZATION_PREFERS_STRING_CATALOGS = YES;
				MTL_ENABLE_DEBUG_INFO = NO;
				MTL_FAST_MATH = YES;
				SDKROOT = iphoneos;
				SWIFT_COMPILATION_MODE = wholemodule;
				VALIDATE_PRODUCT = YES;
			};
			name = Release;
		};
		5311BCD12F0E9B9000ADE156 /* Debug */ = {
			isa = XCBuildConfiguration;
			buildSettings = {
				ASSETCATALOG_COMPILER_APPICON_NAME = AppIcon;
				ASSETCATALOG_COMPILER_GLOBAL_ACCENT_COLOR_NAME = AccentColor;
				CODE_SIGN_STYLE = Automatic;
				CURRENT_PROJECT_VERSION = 1;
				DEVELOPMENT_TEAM = 65RN72WD57;
				ENABLE_PREVIEWS = YES;
				GENERATE_INFOPLIST_FILE = YES;
				INFOPLIST_KEY_CFBundleDisplayName = "remix recipe";
				INFOPLIST_KEY_LSApplicationCategoryType = "public.app-category.productivity";
				INFOPLIST_KEY_UIApplicationSceneManifest_Generation = YES;
				INFOPLIST_KEY_UIApplicationSupportsIndirectInputEvents = YES;
				INFOPLIST_KEY_UILaunchScreen_Generation = YES;
				INFOPLIST_KEY_UISupportedInterfaceOrientations_iPad = "UIInterfaceOrientationPortrait UIInterfaceOrientationPortraitUpsideDown UIInterfaceOrientationLandscapeLeft UIInterfaceOrientationLandscapeRight";
				INFOPLIST_KEY_UISupportedInterfaceOrientations_iPhone = "UIInterfaceOrientationPortrait UIInterfaceOrientationLandscapeLeft UIInterfaceOrientationLandscapeRight";
				LD_RUNPATH_SEARCH_PATHS = (
					"$(inherited)",
					"@executable_path/Frameworks",
				);
				MARKETING_VERSION = 1.0;
				PRODUCT_BUNDLE_IDENTIFIER = com.yvesdlf.rstore.RemixRecipeXcode;
				PRODUCT_NAME = "$(TARGET_NAME)";
				STRING_CATALOG_GENERATE_SYMBOLS = YES;
				SWIFT_APPROACHABLE_CONCURRENCY = YES;
				SWIFT_DEFAULT_ACTOR_ISOLATION = MainActor;
				SWIFT_EMIT_LOC_STRINGS = YES;
				SWIFT_UPCOMING_FEATURE_MEMBER_IMPORT_VISIBILITY = YES;
				SWIFT_VERSION = 5.0;
				TARGETED_DEVICE_FAMILY = "1,2";
			};
			name = Debug;
		};
		5311BCD22F0E9B9000ADE156 /* Release */ = {
			isa = XCBuildConfiguration;
			buildSettings = {
				ASSETCATALOG_COMPILER_APPICON_NAME = AppIcon;
				ASSETCATALOG_COMPILER_GLOBAL_ACCENT_COLOR_NAME = AccentColor;
				CODE_SIGN_STYLE = Automatic;
				CURRENT_PROJECT_VERSION = 1;
				DEVELOPMENT_TEAM = 65RN72WD57;
				ENABLE_PREVIEWS = YES;
				GENERATE_INFOPLIST_FILE = YES;
				INFOPLIST_KEY_CFBundleDisplayName = "remix recipe";
				INFOPLIST_KEY_LSApplicationCategoryType = "public.app-category.productivity";
				INFOPLIST_KEY_UIApplicationSceneManifest_Generation = YES;
				INFOPLIST_KEY_UIApplicationSupportsIndirectInputEvents = YES;
				INFOPLIST_KEY_UILaunchScreen_Generation = YES;
				INFOPLIST_KEY_UISupportedInterfaceOrientations_iPad = "UIInterfaceOrientationPortrait UIInterfaceOrientationPortraitUpsideDown UIInterfaceOrientationLandscapeLeft UIInterfaceOrientationLandscapeRight";
				INFOPLIST_KEY_UISupportedInterfaceOrientations_iPhone = "UIInterfaceOrientationPortrait UIInterfaceOrientationLandscapeLeft UIInterfaceOrientationLandscapeRight";
				LD_RUNPATH_SEARCH_PATHS = (
					"$(inherited)",
					"@executable_path/Frameworks",
				);
				MARKETING_VERSION = 1.0;
				PRODUCT_BUNDLE_IDENTIFIER = com.yvesdlf.rstore.RemixRecipeXcode;
				PRODUCT_NAME = "$(TARGET_NAME)";
				STRING_CATALOG_GENERATE_SYMBOLS = YES;
				SWIFT_APPROACHABLE_CONCURRENCY = YES;
				SWIFT_DEFAULT_ACTOR_ISOLATION = MainActor;
				SWIFT_EMIT_LOC_STRINGS = YES;
				SWIFT_UPCOMING_FEATURE_MEMBER_IMPORT_VISIBILITY = YES;
				SWIFT_VERSION = 5.0;
				TARGETED_DEVICE_FAMILY = "1,2";
			};
			name = Release;
		};
		5311BCD42F0E9B9000ADE156 /* Debug */ = {
			isa = XCBuildConfiguration;
			buildSettings = {
				BUNDLE_LOADER = "$(TEST_HOST)";
				CODE_SIGN_STYLE = Automatic;
				CURRENT_PROJECT_VERSION = 1;
				DEVELOPMENT_TEAM = 65RN72WD57;
				GENERATE_INFOPLIST_FILE = YES;
				IPHONEOS_DEPLOYMENT_TARGET = 26.1;
				MARKETING_VERSION = 1.0;
				PRODUCT_BUNDLE_IDENTIFIER = com.yvesdlf.rstore.RemixRecipeXcodeTests;
				PRODUCT_NAME = "$(TARGET_NAME)";
				STRING_CATALOG_GENERATE_SYMBOLS = NO;
				SWIFT_APPROACHABLE_CONCURRENCY = YES;
				SWIFT_EMIT_LOC_STRINGS = NO;
				SWIFT_UPCOMING_FEATURE_MEMBER_IMPORT_VISIBILITY = YES;
				SWIFT_VERSION = 5.0;
				TARGETED_DEVICE_FAMILY = "1,2";
				TEST_HOST = "$(BUILT_PRODUCTS_DIR)/RemixRecipeXcode.app/$(BUNDLE_EXECUTABLE_FOLDER_PATH)/RemixRecipeXcode";
			};
			name = Debug;
		};
		5311BCD52F0E9B9000ADE156 /* Release */ = {
			isa = XCBuildConfiguration;
			buildSettings = {
				BUNDLE_LOADER = "$(TEST_HOST)";
				CODE_SIGN_STYLE = Automatic;
				CURRENT_PROJECT_VERSION = 1;
				DEVELOPMENT_TEAM = 65RN72WD57;
				GENERATE_INFOPLIST_FILE = YES;
				IPHONEOS_DEPLOYMENT_TARGET = 26.1;
				MARKETING_VERSION = 1.0;
				PRODUCT_BUNDLE_IDENTIFIER = com.yvesdlf.rstore.RemixRecipeXcodeTests;
				PRODUCT_NAME = "$(TARGET_NAME)";
				STRING_CATALOG_GENERATE_SYMBOLS = NO;
				SWIFT_APPROACHABLE_CONCURRENCY = YES;
				SWIFT_EMIT_LOC_STRINGS = NO;
				SWIFT_UPCOMING_FEATURE_MEMBER_IMPORT_VISIBILITY = YES;
				SWIFT_VERSION = 5.0;
				TARGETED_DEVICE_FAMILY = "1,2";
				TEST_HOST = "$(BUILT_PRODUCTS_DIR)/RemixRecipeXcode.app/$(BUNDLE_EXECUTABLE_FOLDER_PATH)/RemixRecipeXcode";
			};
			name = Release;
		};
		5311BCD72F0E9B9000ADE156 /* Debug */ = {
			isa = XCBuildConfiguration;
			buildSettings = {
				CODE_SIGN_STYLE = Automatic;
				CURRENT_PROJECT_VERSION = 1;
				DEVELOPMENT_TEAM = 65RN72WD57;
				GENERATE_INFOPLIST_FILE = YES;
				MARKETING_VERSION = 1.0;
				PRODUCT_BUNDLE_IDENTIFIER = com.yvesdlf.rstore.RemixRecipeXcodeUITests;
				PRODUCT_NAME = "$(TARGET_NAME)";
				STRING_CATALOG_GENERATE_SYMBOLS = NO;
				SWIFT_APPROACHABLE_CONCURRENCY = YES;
				SWIFT_EMIT_LOC_STRINGS = NO;
				SWIFT_UPCOMING_FEATURE_MEMBER_IMPORT_VISIBILITY = YES;
				SWIFT_VERSION = 5.0;
				TARGETED_DEVICE_FAMILY = "1,2";
				TEST_TARGET_NAME = RemixRecipeXcode;
			};
			name = Debug;
		};
		5311BCD82F0E9B9000ADE156 /* Release */ = {
			isa = XCBuildConfiguration;
			buildSettings = {
				CODE_SIGN_STYLE = Automatic;
				CURRENT_PROJECT_VERSION = 1;
				DEVELOPMENT_TEAM = 65RN72WD57;
				GENERATE_INFOPLIST_FILE = YES;
				MARKETING_VERSION = 1.0;
				PRODUCT_BUNDLE_IDENTIFIER = com.yvesdlf.rstore.RemixRecipeXcodeUITests;
				PRODUCT_NAME = "$(TARGET_NAME)";
				STRING_CATALOG_GENERATE_SYMBOLS = NO;
				SWIFT_APPROACHABLE_CONCURRENCY = YES;
				SWIFT_EMIT_LOC_STRINGS = NO;
				SWIFT_UPCOMING_FEATURE_MEMBER_IMPORT_VISIBILITY = YES;
				SWIFT_VERSION = 5.0;
				TARGETED_DEVICE_FAMILY = "1,2";
				TEST_TARGET_NAME = RemixRecipeXcode;
			};
			name = Release;
		};
/* End XCBuildConfiguration section */

/* Begin XCConfigurationList section */
		5311BCA82F0E9B8E00ADE156 /* Build configuration list for PBXProject "RemixRecipeXcode" */ = {
			isa = XCConfigurationList;
			buildConfigurations = (
				5311BCCE2F0E9B9000ADE156 /* Debug */,
				5311BCCF2F0E9B9000ADE156 /* Release */,
			);
			defaultConfigurationIsVisible = 0;
			defaultConfigurationName = Release;
		};
		5311BCD02F0E9B9000ADE156 /* Build configuration list for PBXNativeTarget "RemixRecipeXcode" */ = {
			isa = XCConfigurationList;
			buildConfigurations = (
				5311BCD12F0E9B9000ADE156 /* Debug */,
				5311BCD22F0E9B9000ADE156 /* Release */,
			);
			defaultConfigurationIsVisible = 0;
			defaultConfigurationName = Release;
		};
		5311BCD32F0E9B9000ADE156 /* Build configuration list for PBXNativeTarget "RemixRecipeXcodeTests" */ = {
			isa = XCConfigurationList;
			buildConfigurations = (
				5311BCD42F0E9B9000ADE156 /* Debug */,
				5311BCD52F0E9B9000ADE156 /* Release */,
			);
			defaultConfigurationIsVisible = 0;
			defaultConfigurationName = Release;
		};
		5311BCD62F0E9B9000ADE156 /* Build configuration list for PBXNativeTarget "RemixRecipeXcodeUITests" */ = {
			isa = XCConfigurationList;
			buildConfigurations = (
				5311BCD72F0E9B9000ADE156 /* Debug */,
				5311BCD82F0E9B9000ADE156 /* Release */,
			);
			defaultConfigurationIsVisible = 0;
			defaultConfigurationName = Release;
		};
/* End XCConfigurationList section */
	};
	rootObject = 5311BCA52F0E9B8E00ADE156 /* Project object */;
}
